// !$*UTF8*$!
{
	archiveVersion = 1;
	classes = {
	};
	objectVersion = 50;
	objects = {

/* Begin PBXBuildFile section */
		E2773E842519353A004D3BDB /* AppDelegate.swift in Sources */ = {isa = PBXBuildFile; fileRef = E2773E832519353A004D3BDB /* AppDelegate.swift */; };
		E2773E862519353A004D3BDB /* GameScene.sks in Resources */ = {isa = PBXBuildFile; fileRef = E2773E852519353A004D3BDB /* GameScene.sks */; };
		E2773E882519353A004D3BDB /* Actions.sks in Resources */ = {isa = PBXBuildFile; fileRef = E2773E872519353A004D3BDB /* Actions.sks */; };
		E2773E8A2519353A004D3BDB /* GameScene.swift in Sources */ = {isa = PBXBuildFile; fileRef = E2773E892519353A004D3BDB /* GameScene.swift */; };
		E2773E8C2519353A004D3BDB /* GameViewController.swift in Sources */ = {isa = PBXBuildFile; fileRef = E2773E8B2519353A004D3BDB /* GameViewController.swift */; };
		E2773E8F2519353A004D3BDB /* Main.storyboard in Resources */ = {isa = PBXBuildFile; fileRef = E2773E8D2519353A004D3BDB /* Main.storyboard */; };
		E2773E912519353A004D3BDB /* Assets.xcassets in Resources */ = {isa = PBXBuildFile; fileRef = E2773E902519353A004D3BDB /* Assets.xcassets */; };
		E2773E9C2519353A004D3BDB /* SnakeTests.swift in Sources */ = {isa = PBXBuildFile; fileRef = E2773E9B2519353A004D3BDB /* SnakeTests.swift */; };
		E2773EA72519353A004D3BDB /* SnakeUITests.swift in Sources */ = {isa = PBXBuildFile; fileRef = E2773EA62519353A004D3BDB /* SnakeUITests.swift */; };
/* End PBXBuildFile section */

/* Begin PBXContainerItemProxy section */
		E2773E982519353A004D3BDB /* PBXContainerItemProxy */ = {
			isa = PBXContainerItemProxy;
			containerPortal = E2773E7825193539004D3BDB /* Project object */;
			proxyType = 1;
			remoteGlobalIDString = E2773E7F2519353A004D3BDB;
			remoteInfo = Snake;
		};
		E2773EA32519353A004D3BDB /* PBXContainerItemProxy */ = {
			isa = PBXContainerItemProxy;
			containerPortal = E2773E7825193539004D3BDB /* Project object */;
			proxyType = 1;
			remoteGlobalIDString = E2773E7F2519353A004D3BDB;
			remoteInfo = Snake;
		};
/* End PBXContainerItemProxy section */

/* Begin PBXFileReference section */
		E2773E802519353A004D3BDB /* Snake.app */ = {isa = PBXFileReference; explicitFileType = wrapper.application; includeInIndex = 0; path = Snake.app; sourceTree = BUILT_PRODUCTS_DIR; };
		E2773E832519353A004D3BDB /* AppDelegate.swift */ = {isa = PBXFileReference; lastKnownFileType = sourcecode.swift; path = AppDelegate.swift; sourceTree = "<group>"; };
		E2773E852519353A004D3BDB /* GameScene.sks */ = {isa = PBXFileReference; lastKnownFileType = file.sks; path = GameScene.sks; sourceTree = "<group>"; };
		E2773E872519353A004D3BDB /* Actions.sks */ = {isa = PBXFileReference; lastKnownFileType = file.sks; path = Actions.sks; sourceTree = "<group>"; };
		E2773E892519353A004D3BDB /* GameScene.swift */ = {isa = PBXFileReference; lastKnownFileType = sourcecode.swift; path = GameScene.swift; sourceTree = "<group>"; };
		E2773E8B2519353A004D3BDB /* GameViewController.swift */ = {isa = PBXFileReference; lastKnownFileType = sourcecode.swift; path = GameViewController.swift; sourceTree = "<group>"; };
		E2773E8E2519353A004D3BDB /* Base */ = {isa = PBXFileReference; lastKnownFileType = file.storyboard; name = Base; path = Base.lproj/Main.storyboard; sourceTree = "<group>"; };
		E2773E902519353A004D3BDB /* Assets.xcassets */ = {isa = PBXFileReference; lastKnownFileType = folder.assetcatalog; path = Assets.xcassets; sourceTree = "<group>"; };
		E2773E922519353A004D3BDB /* Info.plist */ = {isa = PBXFileReference; lastKnownFileType = text.plist.xml; path = Info.plist; sourceTree = "<group>"; };
		E2773E972519353A004D3BDB /* SnakeTests.xctest */ = {isa = PBXFileReference; explicitFileType = wrapper.cfbundle; includeInIndex = 0; path = SnakeTests.xctest; sourceTree = BUILT_PRODUCTS_DIR; };
		E2773E9B2519353A004D3BDB /* SnakeTests.swift */ = {isa = PBXFileReference; lastKnownFileType = sourcecode.swift; path = SnakeTests.swift; sourceTree = "<group>"; };
		E2773E9D2519353A004D3BDB /* Info.plist */ = {isa = PBXFileReference; lastKnownFileType = text.plist.xml; path = Info.plist; sourceTree = "<group>"; };
		E2773EA22519353A004D3BDB /* SnakeUITests.xctest */ = {isa = PBXFileReference; explicitFileType = wrapper.cfbundle; includeInIndex = 0; path = SnakeUITests.xctest; sourceTree = BUILT_PRODUCTS_DIR; };
		E2773EA62519353A004D3BDB /* SnakeUITests.swift */ = {isa = PBXFileReference; lastKnownFileType = sourcecode.swift; path = SnakeUITests.swift; sourceTree = "<group>"; };
		E2773EA82519353A004D3BDB /* Info.plist */ = {isa = PBXFileReference; lastKnownFileType = text.plist.xml; path = Info.plist; sourceTree = "<group>"; };
/* End PBXFileReference section */

/* Begin PBXFrameworksBuildPhase section */
		E2773E7D2519353A004D3BDB /* Frameworks */ = {
			isa = PBXFrameworksBuildPhase;
			buildActionMask = 2147483647;
			files = (
			);
			runOnlyForDeploymentPostprocessing = 0;
		};
		E2773E942519353A004D3BDB /* Frameworks */ = {
			isa = PBXFrameworksBuildPhase;
			buildActionMask = 2147483647;
			files = (
			);
			runOnlyForDeploymentPostprocessing = 0;
		};
		E2773E9F2519353A004D3BDB /* Frameworks */ = {
			isa = PBXFrameworksBuildPhase;
			buildActionMask = 2147483647;
			files = (
			);
			runOnlyForDeploymentPostprocessing = 0;
		};
/* End PBXFrameworksBuildPhase section */

/* Begin PBXGroup section */
		E2773E7725193539004D3BDB = {
			isa = PBXGroup;
			children = (
				E2773E822519353A004D3BDB /* Snake */,
				E2773E9A2519353A004D3BDB /* SnakeTests */,
				E2773EA52519353A004D3BDB /* SnakeUITests */,
				E2773E812519353A004D3BDB /* Products */,
			);
			sourceTree = "<group>";
		};
		E2773E812519353A004D3BDB /* Products */ = {
			isa = PBXGroup;
			children = (
				E2773E802519353A004D3BDB /* Snake.app */,
				E2773E972519353A004D3BDB /* SnakeTests.xctest */,
				E2773EA22519353A004D3BDB /* SnakeUITests.xctest */,
			);
			name = Products;
			sourceTree = "<group>";
		};
		E2773E822519353A004D3BDB /* Snake */ = {
			isa = PBXGroup;
			children = (
				E2773E832519353A004D3BDB /* AppDelegate.swift */,
				E2773E852519353A004D3BDB /* GameScene.sks */,
				E2773E872519353A004D3BDB /* Actions.sks */,
				E2773E892519353A004D3BDB /* GameScene.swift */,
				E2773E8B2519353A004D3BDB /* GameViewController.swift */,
				E2773E8D2519353A004D3BDB /* Main.storyboard */,
				E2773E902519353A004D3BDB /* Assets.xcassets */,
				E2773E922519353A004D3BDB /* Info.plist */,
			);
			path = Snake;
			sourceTree = "<group>";
		};
		E2773E9A2519353A004D3BDB /* SnakeTests */ = {
			isa = PBXGroup;
			children = (
				E2773E9B2519353A004D3BDB /* SnakeTests.swift */,
				E2773E9D2519353A004D3BDB /* Info.plist */,
			);
			path = SnakeTests;
			sourceTree = "<group>";
		};
		E2773EA52519353A004D3BDB /* SnakeUITests */ = {
			isa = PBXGroup;
			children = (
				E2773EA62519353A004D3BDB /* SnakeUITests.swift */,
				E2773EA82519353A004D3BDB /* Info.plist */,
			);
			path = SnakeUITests;
			sourceTree = "<group>";
		};
/* End PBXGroup section */

/* Begin PBXNativeTarget section */
		E2773E7F2519353A004D3BDB /* Snake */ = {
			isa = PBXNativeTarget;
			buildConfigurationList = E2773EAB2519353A004D3BDB /* Build configuration list for PBXNativeTarget "Snake" */;
			buildPhases = (
				E2773E7C2519353A004D3BDB /* Sources */,
				E2773E7D2519353A004D3BDB /* Frameworks */,
				E2773E7E2519353A004D3BDB /* Resources */,
			);
			buildRules = (
			);
			dependencies = (
			);
			name = Snake;
			productName = Snake;
			productReference = E2773E802519353A004D3BDB /* Snake.app */;
			productType = "com.apple.product-type.application";
		};
		E2773E962519353A004D3BDB /* SnakeTests */ = {
			isa = PBXNativeTarget;
			buildConfigurationList = E2773EAE2519353A004D3BDB /* Build configuration list for PBXNativeTarget "SnakeTests" */;
			buildPhases = (
				E2773E932519353A004D3BDB /* Sources */,
				E2773E942519353A004D3BDB /* Frameworks */,
				E2773E952519353A004D3BDB /* Resources */,
			);
			buildRules = (
			);
			dependencies = (
				E2773E992519353A004D3BDB /* PBXTargetDependency */,
			);
			name = SnakeTests;
			productName = SnakeTests;
			productReference = E2773E972519353A004D3BDB /* SnakeTests.xctest */;
			productType = "com.apple.product-type.bundle.unit-test";
		};
		E2773EA12519353A004D3BDB /* SnakeUITests */ = {
			isa = PBXNativeTarget;
			buildConfigurationList = E2773EB12519353A004D3BDB /* Build configuration list for PBXNativeTarget "SnakeUITests" */;
			buildPhases = (
				E2773E9E2519353A004D3BDB /* Sources */,
				E2773E9F2519353A004D3BDB /* Frameworks */,
				E2773EA02519353A004D3BDB /* Resources */,
			);
			buildRules = (
			);
			dependencies = (
				E2773EA42519353A004D3BDB /* PBXTargetDependency */,
			);
			name = SnakeUITests;
			productName = SnakeUITests;
			productReference = E2773EA22519353A004D3BDB /* SnakeUITests.xctest */;
			productType = "com.apple.product-type.bundle.ui-testing";
		};
/* End PBXNativeTarget section */

/* Begin PBXProject section */
		E2773E7825193539004D3BDB /* Project object */ = {
			isa = PBXProject;
			attributes = {
				LastSwiftUpdateCheck = 1200;
				LastUpgradeCheck = 1200;
				TargetAttributes = {
					E2773E7F2519353A004D3BDB = {
						CreatedOnToolsVersion = 12.0;
					};
					E2773E962519353A004D3BDB = {
						CreatedOnToolsVersion = 12.0;
						TestTargetID = E2773E7F2519353A004D3BDB;
					};
					E2773EA12519353A004D3BDB = {
						CreatedOnToolsVersion = 12.0;
						TestTargetID = E2773E7F2519353A004D3BDB;
					};
				};
			};
			buildConfigurationList = E2773E7B25193539004D3BDB /* Build configuration list for PBXProject "Snake" */;
			compatibilityVersion = "Xcode 9.3";
			developmentRegion = en;
			hasScannedForEncodings = 0;
			knownRegions = (
				en,
				Base,
			);
			mainGroup = E2773E7725193539004D3BDB;
			productRefGroup = E2773E812519353A004D3BDB /* Products */;
			projectDirPath = "";
			projectRoot = "";
			targets = (
				E2773E7F2519353A004D3BDB /* Snake */,
				E2773E962519353A004D3BDB /* SnakeTests */,
				E2773EA12519353A004D3BDB /* SnakeUITests */,
			);
		};
/* End PBXProject section */

/* Begin PBXResourcesBuildPhase section */
		E2773E7E2519353A004D3BDB /* Resources */ = {
			isa = PBXResourcesBuildPhase;
			buildActionMask = 2147483647;
			files = (
				E2773E8F2519353A004D3BDB /* Main.storyboard in Resources */,
				E2773E862519353A004D3BDB /* GameScene.sks in Resources */,
				E2773E912519353A004D3BDB /* Assets.xcassets in Resources */,
				E2773E882519353A004D3BDB /* Actions.sks in Resources */,
			);
			runOnlyForDeploymentPostprocessing = 0;
		};
		E2773E952519353A004D3BDB /* Resources */ = {
			isa = PBXResourcesBuildPhase;
			buildActionMask = 2147483647;
			files = (
			);
			runOnlyForDeploymentPostprocessing = 0;
		};
		E2773EA02519353A004D3BDB /* Resources */ = {
			isa = PBXResourcesBuildPhase;
			buildActionMask = 2147483647;
			files = (
			);
			runOnlyForDeploymentPostprocessing = 0;
		};
/* End PBXResourcesBuildPhase section */

/* Begin PBXSourcesBuildPhase section */
		E2773E7C2519353A004D3BDB /* Sources */ = {
			isa = PBXSourcesBuildPhase;
			buildActionMask = 2147483647;
			files = (
				E2773E8A2519353A004D3BDB /* GameScene.swift in Sources */,
				E2773E8C2519353A004D3BDB /* GameViewController.swift in Sources */,
				E2773E842519353A004D3BDB /* AppDelegate.swift in Sources */,
			);
			runOnlyForDeploymentPostprocessing = 0;
		};
		E2773E932519353A004D3BDB /* Sources */ = {
			isa = PBXSourcesBuildPhase;
			buildActionMask = 2147483647;
			files = (
				E2773E9C2519353A004D3BDB /* SnakeTests.swift in Sources */,
			);
			runOnlyForDeploymentPostprocessing = 0;
		};
		E2773E9E2519353A004D3BDB /* Sources */ = {
			isa = PBXSourcesBuildPhase;
			buildActionMask = 2147483647;
			files = (
				E2773EA72519353A004D3BDB /* SnakeUITests.swift in Sources */,
			);
			runOnlyForDeploymentPostprocessing = 0;
		};
/* End PBXSourcesBuildPhase section */

/* Begin PBXTargetDependency section */
		E2773E992519353A004D3BDB /* PBXTargetDependency */ = {
			isa = PBXTargetDependency;
			target = E2773E7F2519353A004D3BDB /* Snake */;
			targetProxy = E2773E982519353A004D3BDB /* PBXContainerItemProxy */;
		};
		E2773EA42519353A004D3BDB /* PBXTargetDependency */ = {
			isa = PBXTargetDependency;
			target = E2773E7F2519353A004D3BDB /* Snake */;
			targetProxy = E2773EA32519353A004D3BDB /* PBXContainerItemProxy */;
		};
/* End PBXTargetDependency section */

/* Begin PBXVariantGroup section */
		E2773E8D2519353A004D3BDB /* Main.storyboard */ = {
			isa = PBXVariantGroup;
			children = (
				E2773E8E2519353A004D3BDB /* Base */,
			);
			name = Main.storyboard;
			sourceTree = "<group>";
		};
/* End PBXVariantGroup section */

/* Begin XCBuildConfiguration section */
		E2773EA92519353A004D3BDB /* Debug */ = {
			isa = XCBuildConfiguration;
			buildSettings = {
				ALWAYS_SEARCH_USER_PATHS = NO;
				CLANG_ANALYZER_NONNULL = YES;
				CLANG_ANALYZER_NUMBER_OBJECT_CONVERSION = YES_AGGRESSIVE;
				CLANG_CXX_LANGUAGE_STANDARD = "gnu++14";
				CLANG_CXX_LIBRARY = "libc++";
				CLANG_ENABLE_MODULES = YES;
				CLANG_ENABLE_OBJC_ARC = YES;
				CLANG_ENABLE_OBJC_WEAK = YES;
				CLANG_WARN_BLOCK_CAPTURE_AUTORELEASING = YES;
				CLANG_WARN_BOOL_CONVERSION = YES;
				CLANG_WARN_COMMA = YES;
				CLANG_WARN_CONSTANT_CONVERSION = YES;
				CLANG_WARN_DEPRECATED_OBJC_IMPLEMENTATIONS = YES;
				CLANG_WARN_DIRECT_OBJC_ISA_USAGE = YES_ERROR;
				CLANG_WARN_DOCUMENTATION_COMMENTS = YES;
				CLANG_WARN_EMPTY_BODY = YES;
				CLANG_WARN_ENUM_CONVERSION = YES;
				CLANG_WARN_INFINITE_RECURSION = YES;
				CLANG_WARN_INT_CONVERSION = YES;
				CLANG_WARN_NON_LITERAL_NULL_CONVERSION = YES;
				CLANG_WARN_OBJC_IMPLICIT_RETAIN_SELF = YES;
				CLANG_WARN_OBJC_LITERAL_CONVERSION = YES;
				CLANG_WARN_OBJC_ROOT_CLASS = YES_ERROR;
				CLANG_WARN_QUOTED_INCLUDE_IN_FRAMEWORK_HEADER = YES;
				CLANG_WARN_RANGE_LOOP_ANALYSIS = YES;
				CLANG_WARN_STRICT_PROTOTYPES = YES;
				CLANG_WARN_SUSPICIOUS_MOVE = YES;
				CLANG_WARN_UNGUARDED_AVAILABILITY = YES_AGGRESSIVE;
				CLANG_WARN_UNREACHABLE_CODE = YES;
				CLANG_WARN__DUPLICATE_METHOD_MATCH = YES;
				COPY_PHASE_STRIP = NO;
				DEBUG_INFORMATION_FORMAT = dwarf;
				ENABLE_STRICT_OBJC_MSGSEND = YES;
				ENABLE_TESTABILITY = YES;
				GCC_C_LANGUAGE_STANDARD = gnu11;
				GCC_DYNAMIC_NO_PIC = NO;
				GCC_NO_COMMON_BLOCKS = YES;
				GCC_OPTIMIZATION_LEVEL = 0;
				GCC_PREPROCESSOR_DEFINITIONS = (
					"DEBUG=1",
					"$(inherited)",
				);
				GCC_WARN_64_TO_32_BIT_CONVERSION = YES;
				GCC_WARN_ABOUT_RETURN_TYPE = YES_ERROR;
				GCC_WARN_UNDECLARED_SELECTOR = YES;
				GCC_WARN_UNINITIALIZED_AUTOS = YES_AGGRESSIVE;
				GCC_WARN_UNUSED_FUNCTION = YES;
				GCC_WARN_UNUSED_VARIABLE = YES;
				IPHONEOS_DEPLOYMENT_TARGET = 14.0;
				MTL_ENABLE_DEBUG_INFO = INCLUDE_SOURCE;
				MTL_FAST_MATH = YES;
				ONLY_ACTIVE_ARCH = YES;
				SDKROOT = iphoneos;
				SWIFT_ACTIVE_COMPILATION_CONDITIONS = DEBUG;
				SWIFT_OPTIMIZATION_LEVEL = "-Onone";
			};
			name = Debug;
		};
		E2773EAA2519353A004D3BDB /* Release */ = {
			isa = XCBuildConfiguration;
			buildSettings = {
				ALWAYS_SEARCH_USER_PATHS = NO;
				CLANG_ANALYZER_NONNULL = YES;
				CLANG_ANALYZER_NUMBER_OBJECT_CONVERSION = YES_AGGRESSIVE;
				CLANG_CXX_LANGUAGE_STANDARD = "gnu++14";
				CLANG_CXX_LIBRARY = "libc++";
				CLANG_ENABLE_MODULES = YES;
				CLANG_ENABLE_OBJC_ARC = YES;
				CLANG_ENABLE_OBJC_WEAK = YES;
				CLANG_WARN_BLOCK_CAPTURE_AUTORELEASING = YES;
				CLANG_WARN_BOOL_CONVERSION = YES;
				CLANG_WARN_COMMA = YES;
				CLANG_WARN_CONSTANT_CONVERSION = YES;
				CLANG_WARN_DEPRECATED_OBJC_IMPLEMENTATIONS = YES;
				CLANG_WARN_DIRECT_OBJC_ISA_USAGE = YES_ERROR;
				CLANG_WARN_DOCUMENTATION_COMMENTS = YES;
				CLANG_WARN_EMPTY_BODY = YES;
				CLANG_WARN_ENUM_CONVERSION = YES;
				CLANG_WARN_INFINITE_RECURSION = YES;
				CLANG_WARN_INT_CONVERSION = YES;
				CLANG_WARN_NON_LITERAL_NULL_CONVERSION = YES;
				CLANG_WARN_OBJC_IMPLICIT_RETAIN_SELF = YES;
				CLANG_WARN_OBJC_LITERAL_CONVERSION = YES;
				CLANG_WARN_OBJC_ROOT_CLASS = YES_ERROR;
				CLANG_WARN_QUOTED_INCLUDE_IN_FRAMEWORK_HEADER = YES;
				CLANG_WARN_RANGE_LOOP_ANALYSIS = YES;
				CLANG_WARN_STRICT_PROTOTYPES = YES;
				CLANG_WARN_SUSPICIOUS_MOVE = YES;
				CLANG_WARN_UNGUARDED_AVAILABILITY = YES_AGGRESSIVE;
				CLANG_WARN_UNREACHABLE_CODE = YES;
				CLANG_WARN__DUPLICATE_METHOD_MATCH = YES;
				COPY_PHASE_STRIP = NO;
				DEBUG_INFORMATION_FORMAT = "dwarf-with-dsym";
				ENABLE_NS_ASSERTIONS = NO;
				ENABLE_STRICT_OBJC_MSGSEND = YES;
				GCC_C_LANGUAGE_STANDARD = gnu11;
				GCC_NO_COMMON_BLOCKS = YES;
				GCC_WARN_64_TO_32_BIT_CONVERSION = YES;
				GCC_WARN_ABOUT_RETURN_TYPE = YES_ERROR;
				GCC_WARN_UNDECLARED_SELECTOR = YES;
				GCC_WARN_UNINITIALIZED_AUTOS = YES_AGGRESSIVE;
				GCC_WARN_UNUSED_FUNCTION = YES;
				GCC_WARN_UNUSED_VARIABLE = YES;
				IPHONEOS_DEPLOYMENT_TARGET = 14.0;
				MTL_ENABLE_DEBUG_INFO = NO;
				MTL_FAST_MATH = YES;
				SDKROOT = iphoneos;
				SWIFT_COMPILATION_MODE = wholemodule;
				SWIFT_OPTIMIZATION_LEVEL = "-O";
				VALIDATE_PRODUCT = YES;
			};
			name = Release;
		};
		E2773EAC2519353A004D3BDB /* Debug */ = {
			isa = XCBuildConfiguration;
			buildSettings = {
				ASSETCATALOG_COMPILER_APPICON_NAME = AppIcon;
				ASSETCATALOG_COMPILER_GLOBAL_ACCENT_COLOR_NAME = AccentColor;
				CODE_SIGN_STYLE = Automatic;
				DEVELOPMENT_TEAM = 7W6TND3W4X;
				INFOPLIST_FILE = Snake/Info.plist;
				LD_RUNPATH_SEARCH_PATHS = (
					"$(inherited)",
					"@executable_path/Frameworks",
				);
				PRODUCT_BUNDLE_IDENTIFIER = com.tomgaperks.Snake;
				PRODUCT_NAME = "$(TARGET_NAME)";
				SWIFT_VERSION = 5.0;
				TARGETED_DEVICE_FAMILY = "1,2";
			};
			name = Debug;
		};
		E2773EAD2519353A004D3BDB /* Release */ = {
			isa = XCBuildConfiguration;
			buildSettings = {
				ASSETCATALOG_COMPILER_APPICON_NAME = AppIcon;
				ASSETCATALOG_COMPILER_GLOBAL_ACCENT_COLOR_NAME = AccentColor;
				CODE_SIGN_STYLE = Automatic;
				DEVELOPMENT_TEAM = 7W6TND3W4X;
				INFOPLIST_FILE = Snake/Info.plist;
				LD_RUNPATH_SEARCH_PATHS = (
					"$(inherited)",
					"@executable_path/Frameworks",
				);
				PRODUCT_BUNDLE_IDENTIFIER = com.tomgaperks.Snake;
				PRODUCT_NAME = "$(TARGET_NAME)";
				SWIFT_VERSION = 5.0;
				TARGETED_DEVICE_FAMILY = "1,2";
			};
			name = Release;
		};
		E2773EAF2519353A004D3BDB /* Debug */ = {
			isa = XCBuildConfiguration;
			buildSettings = {
				ALWAYS_EMBED_SWIFT_STANDARD_LIBRARIES = YES;
				BUNDLE_LOADER = "$(TEST_HOST)";
				CODE_SIGN_STYLE = Automatic;
				DEVELOPMENT_TEAM = 7W6TND3W4X;
				INFOPLIST_FILE = SnakeTests/Info.plist;
				IPHONEOS_DEPLOYMENT_TARGET = 14.0;
				LD_RUNPATH_SEARCH_PATHS = (
					"$(inherited)",
					"@executable_path/Frameworks",
					"@loader_path/Frameworks",
				);
				PRODUCT_BUNDLE_IDENTIFIER = com.tomgaperks.SnakeTests;
				PRODUCT_NAME = "$(TARGET_NAME)";
				SWIFT_VERSION = 5.0;
				TARGETED_DEVICE_FAMILY = "1,2";
				TEST_HOST = "$(BUILT_PRODUCTS_DIR)/Snake.app/Snake";
			};
			name = Debug;
		};
		E2773EB02519353A004D3BDB /* Release */ = {
			isa = XCBuildConfiguration;
			buildSettings = {
				ALWAYS_EMBED_SWIFT_STANDARD_LIBRARIES = YES;
				BUNDLE_LOADER = "$(TEST_HOST)";
				CODE_SIGN_STYLE = Automatic;
				DEVELOPMENT_TEAM = 7W6TND3W4X;
				INFOPLIST_FILE = SnakeTests/Info.plist;
				IPHONEOS_DEPLOYMENT_TARGET = 14.0;
				LD_RUNPATH_SEARCH_PATHS = (
					"$(inherited)",
					"@executable_path/Frameworks",
					"@loader_path/Frameworks",
				);
				PRODUCT_BUNDLE_IDENTIFIER = com.tomgaperks.SnakeTests;
				PRODUCT_NAME = "$(TARGET_NAME)";
				SWIFT_VERSION = 5.0;
				TARGETED_DEVICE_FAMILY = "1,2";
				TEST_HOST = "$(BUILT_PRODUCTS_DIR)/Snake.app/Snake";
			};
			name = Release;
		};
		E2773EB22519353A004D3BDB /* Debug */ = {
			isa = XCBuildConfiguration;
			buildSettings = {
				ALWAYS_EMBED_SWIFT_STANDARD_LIBRARIES = YES;
				CODE_SIGN_STYLE = Automatic;
				DEVELOPMENT_TEAM = 7W6TND3W4X;
				INFOPLIST_FILE = SnakeUITests/Info.plist;
				LD_RUNPATH_SEARCH_PATHS = (
					"$(inherited)",
					"@executable_path/Frameworks",
					"@loader_path/Frameworks",
				);
				PRODUCT_BUNDLE_IDENTIFIER = com.tomgaperks.SnakeUITests;
				PRODUCT_NAME = "$(TARGET_NAME)";
				SWIFT_VERSION = 5.0;
				TARGETED_DEVICE_FAMILY = "1,2";
				TEST_TARGET_NAME = Snake;
			};
			name = Debug;
		};
		E2773EB32519353A004D3BDB /* Release */ = {
			isa = XCBuildConfiguration;
			buildSettings = {
				ALWAYS_EMBED_SWIFT_STANDARD_LIBRARIES = YES;
				CODE_SIGN_STYLE = Automatic;
				DEVELOPMENT_TEAM = 7W6TND3W4X;
				INFOPLIST_FILE = SnakeUITests/Info.plist;
				LD_RUNPATH_SEARCH_PATHS = (
					"$(inherited)",
					"@executable_path/Frameworks",
					"@loader_path/Frameworks",
				);
				PRODUCT_BUNDLE_IDENTIFIER = com.tomgaperks.SnakeUITests;
				PRODUCT_NAME = "$(TARGET_NAME)";
				SWIFT_VERSION = 5.0;
				TARGETED_DEVICE_FAMILY = "1,2";
				TEST_TARGET_NAME = Snake;
			};
			name = Release;
		};
/* End XCBuildConfiguration section */

/* Begin XCConfigurationList section */
		E2773E7B25193539004D3BDB /* Build configuration list for PBXProject "Snake" */ = {
			isa = XCConfigurationList;
			buildConfigurations = (
				E2773EA92519353A004D3BDB /* Debug */,
				E2773EAA2519353A004D3BDB /* Release */,
			);
			defaultConfigurationIsVisible = 0;
			defaultConfigurationName = Release;
		};
		E2773EAB2519353A004D3BDB /* Build configuration list for PBXNativeTarget "Snake" */ = {
			isa = XCConfigurationList;
			buildConfigurations = (
				E2773EAC2519353A004D3BDB /* Debug */,
				E2773EAD2519353A004D3BDB /* Release */,
			);
			defaultConfigurationIsVisible = 0;
			defaultConfigurationName = Release;
		};
		E2773EAE2519353A004D3BDB /* Build configuration list for PBXNativeTarget "SnakeTests" */ = {
			isa = XCConfigurationList;
			buildConfigurations = (
				E2773EAF2519353A004D3BDB /* Debug */,
				E2773EB02519353A004D3BDB /* Release */,
			);
			defaultConfigurationIsVisible = 0;
			defaultConfigurationName = Release;
		};
		E2773EB12519353A004D3BDB /* Build configuration list for PBXNativeTarget "SnakeUITests" */ = {
			isa = XCConfigurationList;
			buildConfigurations = (
				E2773EB22519353A004D3BDB /* Debug */,
				E2773EB32519353A004D3BDB /* Release */,
			);
			defaultConfigurationIsVisible = 0;
			defaultConfigurationName = Release;
		};
/* End XCConfigurationList section */
	};
	rootObject = E2773E7825193539004D3BDB /* Project object */;
}
